
Microsoft Visual Studio Solution File, Format Version 12.00
# Visual Studio 15
VisualStudioVersion = 15.0.28307.168
MinimumVisualStudioVersion = 10.0.40219.1
Project("{FAE04EC0-301F-11D3-BF4B-00C04F79EFBC}") = "ListViewScrollToEnd.Android", "ListViewScrollToEnd\ListViewScrollToEnd.Android\ListViewScrollToEnd.Android.csproj", "{66FF18A2-6DD8-4F1E-B5DC-9577310B81D9}"
EndProject
Project("{FAE04EC0-301F-11D3-BF4B-00C04F79EFBC}") = "ListViewScrollToEnd.iOS", "ListViewScrollToEnd\ListViewScrollToEnd.iOS\ListViewScrollToEnd.iOS.csproj", "{167B49FB-073D-4975-A72F-A96E1501EF52}"
EndProject
Project("{FAE04EC0-301F-11D3-BF4B-00C04F79EFBC}") = "ListViewScrollToEnd.UWP", "ListViewScrollToEnd\ListViewScrollToEnd.UWP\ListViewScrollToEnd.UWP.csproj", "{91987073-8C9A-4622-9AAF-6A19C016A278}"
EndProject
Project("{FAE04EC0-301F-11D3-BF4B-00C04F79EFBC}") = "ListViewScrollToEnd", "ListViewScrollToEnd\ListViewScrollToEnd\ListViewScrollToEnd.csproj", "{6FCB85C2-79E8-46A2-A57B-59BAE26CB407}"
EndProject
Global
	GlobalSection(SolutionConfigurationPlatforms) = preSolution
		Ad-Hoc|Any CPU = Ad-Hoc|Any CPU
		Ad-Hoc|ARM = Ad-Hoc|ARM
		Ad-Hoc|iPhone = Ad-Hoc|iPhone
		Ad-Hoc|iPhoneSimulator = Ad-Hoc|iPhoneSimulator
		Ad-Hoc|x64 = Ad-Hoc|x64
		Ad-Hoc|x86 = Ad-Hoc|x86
		AppStore|Any CPU = AppStore|Any CPU
		AppStore|ARM = AppStore|ARM
		AppStore|iPhone = AppStore|iPhone
		AppStore|iPhoneSimulator = AppStore|iPhoneSimulator
		AppStore|x64 = AppStore|x64
		AppStore|x86 = AppStore|x86
		Debug|Any CPU = Debug|Any CPU
		Debug|ARM = Debug|ARM
		Debug|iPhone = Debug|iPhone
		Debug|iPhoneSimulator = Debug|iPhoneSimulator
		Debug|x64 = Debug|x64
		Debug|x86 = Debug|x86
		Release|Any CPU = Release|Any CPU
		Release|ARM = Release|ARM
		Release|iPhone = Release|iPhone
		Release|iPhoneSimulator = Release|iPhoneSimulator
		Release|x64 = Release|x64
		Release|x86 = Release|x86
	EndGlobalSection
	GlobalSection(ProjectConfigurationPlatforms) = postSolution
		{66FF18A2-6DD8-4F1E-B5DC-9577310B81D9}.Ad-Hoc|Any CPU.ActiveCfg = Release|Any CPU
		{66FF18A2-6DD8-4F1E-B5DC-9577310B81D9}.Ad-Hoc|Any CPU.Build.0 = Release|Any CPU
		{66FF18A2-6DD8-4F1E-B5DC-9577310B81D9}.Ad-Hoc|Any CPU.Deploy.0 = Release|Any CPU
		{66FF18A2-6DD8-4F1E-B5DC-9577310B81D9}.Ad-Hoc|ARM.ActiveCfg = Release|Any CPU
		{66FF18A2-6DD8-4F1E-B5DC-9577310B81D9}.Ad-Hoc|ARM.Build.0 = Release|Any CPU
		{66FF18A2-6DD8-4F1E-B5DC-9577310B81D9}.Ad-Hoc|ARM.Deploy.0 = Release|Any CPU
		{66FF18A2-6DD8-4F1E-B5DC-9577310B81D9}.Ad-Hoc|iPhone.ActiveCfg = Release|Any CPU
		{66FF18A2-6DD8-4F1E-B5DC-9577310B81D9}.Ad-Hoc|iPhone.Build.0 = Release|Any CPU
		{66FF18A2-6DD8-4F1E-B5DC-9577310B81D9}.Ad-Hoc|iPhone.Deploy.0 = Release|Any CPU
		{66FF18A2-6DD8-4F1E-B5DC-9577310B81D9}.Ad-Hoc|iPhoneSimulator.ActiveCfg = Release|Any CPU
		{66FF18A2-6DD8-4F1E-B5DC-9577310B81D9}.Ad-Hoc|iPhoneSimulator.Build.0 = Release|Any CPU
		{66FF18A2-6DD8-4F1E-B5DC-9577310B81D9}.Ad-Hoc|iPhoneSimulator.Deploy.0 = Release|Any CPU
		{66FF18A2-6DD8-4F1E-B5DC-9577310B81D9}.Ad-Hoc|x64.ActiveCfg = Release|Any CPU
		{66FF18A2-6DD8-4F1E-B5DC-9577310B81D9}.Ad-Hoc|x64.Build.0 = Release|Any CPU
		{66FF18A2-6DD8-4F1E-B5DC-9577310B81D9}.Ad-Hoc|x64.Deploy.0 = Release|Any CPU
		{66FF18A2-6DD8-4F1E-B5DC-9577310B81D9}.Ad-Hoc|x86.ActiveCfg = Release|Any CPU
		{66FF18A2-6DD8-4F1E-B5DC-9577310B81D9}.Ad-Hoc|x86.Build.0 = Release|Any CPU
		{66FF18A2-6DD8-4F1E-B5DC-9577310B81D9}.Ad-Hoc|x86.Deploy.0 = Release|Any CPU
		{66FF18A2-6DD8-4F1E-B5DC-9577310B81D9}.AppStore|Any CPU.ActiveCfg = Release|Any CPU
		{66FF18A2-6DD8-4F1E-B5DC-9577310B81D9}.AppStore|Any CPU.Build.0 = Release|Any CPU
		{66FF18A2-6DD8-4F1E-B5DC-9577310B81D9}.AppStore|Any CPU.Deploy.0 = Release|Any CPU
		{66FF18A2-6DD8-4F1E-B5DC-9577310B81D9}.AppStore|ARM.ActiveCfg = Release|Any CPU
		{66FF18A2-6DD8-4F1E-B5DC-9577310B81D9}.AppStore|ARM.Build.0 = Release|Any CPU
		{66FF18A2-6DD8-4F1E-B5DC-9577310B81D9}.AppStore|ARM.Deploy.0 = Release|Any CPU
		{66FF18A2-6DD8-4F1E-B5DC-9577310B81D9}.AppStore|iPhone.ActiveCfg = Release|Any CPU
		{66FF18A2-6DD8-4F1E-B5DC-9577310B81D9}.AppStore|iPhone.Build.0 = Release|Any CPU
		{66FF18A2-6DD8-4F1E-B5DC-9577310B81D9}.AppStore|iPhone.Deploy.0 = Release|Any CPU
		{66FF18A2-6DD8-4F1E-B5DC-9577310B81D9}.AppStore|iPhoneSimulator.ActiveCfg = Release|Any CPU
		{66FF18A2-6DD8-4F1E-B5DC-9577310B81D9}.AppStore|iPhoneSimulator.Build.0 = Release|Any CPU
		{66FF18A2-6DD8-4F1E-B5DC-9577310B81D9}.AppStore|iPhoneSimulator.Deploy.0 = Release|Any CPU
		{66FF18A2-6DD8-4F1E-B5DC-9577310B81D9}.AppStore|x64.ActiveCfg = Release|Any CPU
		{66FF18A2-6DD8-4F1E-B5DC-9577310B81D9}.AppStore|x64.Build.0 = Release|Any CPU
		{66FF18A2-6DD8-4F1E-B5DC-9577310B81D9}.AppStore|x64.Deploy.0 = Release|Any CPU
		{66FF18A2-6DD8-4F1E-B5DC-9577310B81D9}.AppStore|x86.ActiveCfg = Release|Any CPU
		{66FF18A2-6DD8-4F1E-B5DC-9577310B81D9}.AppStore|x86.Build.0 = Release|Any CPU
		{66FF18A2-6DD8-4F1E-B5DC-9577310B81D9}.AppStore|x86.Deploy.0 = Release|Any CPU
		{66FF18A2-6DD8-4F1E-B5DC-9577310B81D9}.Debug|Any CPU.ActiveCfg = Debug|Any CPU
		{66FF18A2-6DD8-4F1E-B5DC-9577310B81D9}.Debug|Any CPU.Build.0 = Debug|Any CPU
		{66FF18A2-6DD8-4F1E-B5DC-9577310B81D9}.Debug|Any CPU.Deploy.0 = Debug|Any CPU
		{66FF18A2-6DD8-4F1E-B5DC-9577310B81D9}.Debug|ARM.ActiveCfg = Debug|Any CPU
		{66FF18A2-6DD8-4F1E-B5DC-9577310B81D9}.Debug|ARM.Build.0 = Debug|Any CPU
		{66FF18A2-6DD8-4F1E-B5DC-9577310B81D9}.Debug|ARM.Deploy.0 = Debug|Any CPU
		{66FF18A2-6DD8-4F1E-B5DC-9577310B81D9}.Debug|iPhone.ActiveCfg = Debug|Any CPU
		{66FF18A2-6DD8-4F1E-B5DC-9577310B81D9}.Debug|iPhone.Build.0 = Debug|Any CPU
		{66FF18A2-6DD8-4F1E-B5DC-9577310B81D9}.Debug|iPhone.Deploy.0 = Debug|Any CPU
		{66FF18A2-6DD8-4F1E-B5DC-9577310B81D9}.Debug|iPhoneSimulator.ActiveCfg = Debug|Any CPU
		{66FF18A2-6DD8-4F1E-B5DC-9577310B81D9}.Debug|iPhoneSimulator.Build.0 = Debug|Any CPU
		{66FF18A2-6DD8-4F1E-B5DC-9577310B81D9}.Debug|iPhoneSimulator.Deploy.0 = Debug|Any CPU
		{66FF18A2-6DD8-4F1E-B5DC-9577310B81D9}.Debug|x64.ActiveCfg = Debug|Any CPU
		{66FF18A2-6DD8-4F1E-B5DC-9577310B81D9}.Debug|x64.Build.0 = Debug|Any CPU
		{66FF18A2-6DD8-4F1E-B5DC-9577310B81D9}.Debug|x64.Deploy.0 = Debug|Any CPU
		{66FF18A2-6DD8-4F1E-B5DC-9577310B81D9}.Debug|x86.ActiveCfg = Debug|Any CPU
		{66FF18A2-6DD8-4F1E-B5DC-9577310B81D9}.Debug|x86.Build.0 = Debug|Any CPU
		{66FF18A2-6DD8-4F1E-B5DC-9577310B81D9}.Debug|x86.Deploy.0 = Debug|Any CPU
		{66FF18A2-6DD8-4F1E-B5DC-9577310B81D9}.Release|Any CPU.ActiveCfg = Release|Any CPU
		{66FF18A2-6DD8-4F1E-B5DC-9577310B81D9}.Release|Any CPU.Build.0 = Release|Any CPU
		{66FF18A2-6DD8-4F1E-B5DC-9577310B81D9}.Release|Any CPU.Deploy.0 = Release|Any CPU
		{66FF18A2-6DD8-4F1E-B5DC-9577310B81D9}.Release|ARM.ActiveCfg = Release|Any CPU
		{66FF18A2-6DD8-4F1E-B5DC-9577310B81D9}.Release|ARM.Build.0 = Release|Any CPU
		{66FF18A2-6DD8-4F1E-B5DC-9577310B81D9}.Release|ARM.Deploy.0 = Release|Any CPU
		{66FF18A2-6DD8-4F1E-B5DC-9577310B81D9}.Release|iPhone.ActiveCfg = Release|Any CPU
		{66FF18A2-6DD8-4F1E-B5DC-9577310B81D9}.Release|iPhone.Build.0 = Release|Any CPU
		{66FF18A2-6DD8-4F1E-B5DC-9577310B81D9}.Release|iPhone.Deploy.0 = Release|Any CPU
		{66FF18A2-6DD8-4F1E-B5DC-9577310B81D9}.Release|iPhoneSimulator.ActiveCfg = Release|Any CPU
		{66FF18A2-6DD8-4F1E-B5DC-9577310B81D9}.Release|iPhoneSimulator.Build.0 = Release|Any CPU
		{66FF18A2-6DD8-4F1E-B5DC-9577310B81D9}.Release|iPhoneSimulator.Deploy.0 = Release|Any CPU
		{66FF18A2-6DD8-4F1E-B5DC-9577310B81D9}.Release|x64.ActiveCfg = Release|Any CPU
		{66FF18A2-6DD8-4F1E-B5DC-9577310B81D9}.Release|x64.Build.0 = Release|Any CPU
		{66FF18A2-6DD8-4F1E-B5DC-9577310B81D9}.Release|x64.Deploy.0 = Release|Any CPU
		{66FF18A2-6DD8-4F1E-B5DC-9577310B81D9}.Release|x86.ActiveCfg = Release|Any CPU
		{66FF18A2-6DD8-4F1E-B5DC-9577310B81D9}.Release|x86.Build.0 = Release|Any CPU
		{66FF18A2-6DD8-4F1E-B5DC-9577310B81D9}.Release|x86.Deploy.0 = Release|Any CPU
		{167B49FB-073D-4975-A72F-A96E1501EF52}.Ad-Hoc|Any CPU.ActiveCfg = Ad-Hoc|iPhone
		{167B49FB-073D-4975-A72F-A96E1501EF52}.Ad-Hoc|Any CPU.Build.0 = Ad-Hoc|iPhone
		{167B49FB-073D-4975-A72F-A96E1501EF52}.Ad-Hoc|Any CPU.Deploy.0 = Ad-Hoc|iPhone
		{167B49FB-073D-4975-A72F-A96E1501EF52}.Ad-Hoc|ARM.ActiveCfg = Ad-Hoc|iPhone
		{167B49FB-073D-4975-A72F-A96E1501EF52}.Ad-Hoc|ARM.Build.0 = Ad-Hoc|iPhone
		{167B49FB-073D-4975-A72F-A96E1501EF52}.Ad-Hoc|ARM.Deploy.0 = Ad-Hoc|iPhone
		{167B49FB-073D-4975-A72F-A96E1501EF52}.Ad-Hoc|iPhone.ActiveCfg = Ad-Hoc|iPhone
		{167B49FB-073D-4975-A72F-A96E1501EF52}.Ad-Hoc|iPhone.Build.0 = Ad-Hoc|iPhone
		{167B49FB-073D-4975-A72F-A96E1501EF52}.Ad-Hoc|iPhone.Deploy.0 = Ad-Hoc|iPhone
		{167B49FB-073D-4975-A72F-A96E1501EF52}.Ad-Hoc|iPhoneSimulator.ActiveCfg = Ad-Hoc|iPhoneSimulator
		{167B49FB-073D-4975-A72F-A96E1501EF52}.Ad-Hoc|iPhoneSimulator.Build.0 = Ad-Hoc|iPhoneSimulator
		{167B49FB-073D-4975-A72F-A96E1501EF52}.Ad-Hoc|iPhoneSimulator.Deploy.0 = Ad-Hoc|iPhoneSimulator
		{167B49FB-073D-4975-A72F-A96E1501EF52}.Ad-Hoc|x64.ActiveCfg = Ad-Hoc|iPhone
		{167B49FB-073D-4975-A72F-A96E1501EF52}.Ad-Hoc|x64.Build.0 = Ad-Hoc|iPhone
		{167B49FB-073D-4975-A72F-A96E1501EF52}.Ad-Hoc|x64.Deploy.0 = Ad-Hoc|iPhone
		{167B49FB-073D-4975-A72F-A96E1501EF52}.Ad-Hoc|x86.ActiveCfg = Ad-Hoc|iPhone
		{167B49FB-073D-4975-A72F-A96E1501EF52}.Ad-Hoc|x86.Build.0 = Ad-Hoc|iPhone
		{167B49FB-073D-4975-A72F-A96E1501EF52}.Ad-Hoc|x86.Deploy.0 = Ad-Hoc|iPhone
		{167B49FB-073D-4975-A72F-A96E1501EF52}.AppStore|Any CPU.ActiveCfg = AppStore|iPhone
		{167B49FB-073D-4975-A72F-A96E1501EF52}.AppStore|Any CPU.Build.0 = AppStore|iPhone
		{167B49FB-073D-4975-A72F-A96E1501EF52}.AppStore|Any CPU.Deploy.0 = AppStore|iPhone
		{167B49FB-073D-4975-A72F-A96E1501EF52}.AppStore|ARM.ActiveCfg = AppStore|iPhone
		{167B49FB-073D-4975-A72F-A96E1501EF52}.AppStore|ARM.Build.0 = AppStore|iPhone
		{167B49FB-073D-4975-A72F-A96E1501EF52}.AppStore|ARM.Deploy.0 = AppStore|iPhone
		{167B49FB-073D-4975-A72F-A96E1501EF52}.AppStore|iPhone.ActiveCfg = AppStore|iPhone
		{167B49FB-073D-4975-A72F-A96E1501EF52}.AppStore|iPhone.Build.0 = AppStore|iPhone
		{167B49FB-073D-4975-A72F-A96E1501EF52}.AppStore|iPhone.Deploy.0 = AppStore|iPhone
		{167B49FB-073D-4975-A72F-A96E1501EF52}.AppStore|iPhoneSimulator.ActiveCfg = AppStore|iPhoneSimulator
		{167B49FB-073D-4975-A72F-A96E1501EF52}.AppStore|iPhoneSimulator.Build.0 = AppStore|iPhoneSimulator
		{167B49FB-073D-4975-A72F-A96E1501EF52}.AppStore|iPhoneSimulator.Deploy.0 = AppStore|iPhoneSimulator
		{167B49FB-073D-4975-A72F-A96E1501EF52}.AppStore|x64.ActiveCfg = AppStore|iPhone
		{167B49FB-073D-4975-A72F-A96E1501EF52}.AppStore|x64.Build.0 = AppStore|iPhone
		{167B49FB-073D-4975-A72F-A96E1501EF52}.AppStore|x64.Deploy.0 = AppStore|iPhone
		{167B49FB-073D-4975-A72F-A96E1501EF52}.AppStore|x86.ActiveCfg = AppStore|iPhone
		{167B49FB-073D-4975-A72F-A96E1501EF52}.AppStore|x86.Build.0 = AppStore|iPhone
		{167B49FB-073D-4975-A72F-A96E1501EF52}.AppStore|x86.Deploy.0 = AppStore|iPhone
		{167B49FB-073D-4975-A72F-A96E1501EF52}.Debug|Any CPU.ActiveCfg = Debug|iPhoneSimulator
		{167B49FB-073D-4975-A72F-A96E1501EF52}.Debug|Any CPU.Build.0 = Debug|iPhoneSimulator
		{167B49FB-073D-4975-A72F-A96E1501EF52}.Debug|Any CPU.Deploy.0 = Debug|iPhoneSimulator
		{167B49FB-073D-4975-A72F-A96E1501EF52}.Debug|ARM.ActiveCfg = Debug|iPhone
		{167B49FB-073D-4975-A72F-A96E1501EF52}.Debug|ARM.Build.0 = Debug|iPhone
		{167B49FB-073D-4975-A72F-A96E1501EF52}.Debug|ARM.Deploy.0 = Debug|iPhone
		{167B49FB-073D-4975-A72F-A96E1501EF52}.Debug|iPhone.ActiveCfg = Debug|iPhone
		{167B49FB-073D-4975-A72F-A96E1501EF52}.Debug|iPhone.Build.0 = Debug|iPhone
		{167B49FB-073D-4975-A72F-A96E1501EF52}.Debug|iPhone.Deploy.0 = Debug|iPhone
		{167B49FB-073D-4975-A72F-A96E1501EF52}.Debug|iPhoneSimulator.ActiveCfg = Debug|iPhoneSimulator
		{167B49FB-073D-4975-A72F-A96E1501EF52}.Debug|iPhoneSimulator.Build.0 = Debug|iPhoneSimulator
		{167B49FB-073D-4975-A72F-A96E1501EF52}.Debug|iPhoneSimulator.Deploy.0 = Debug|iPhoneSimulator
		{167B49FB-073D-4975-A72F-A96E1501EF52}.Debug|x64.ActiveCfg = Debug|iPhone
		{167B49FB-073D-4975-A72F-A96E1501EF52}.Debug|x64.Build.0 = Debug|iPhone
		{167B49FB-073D-4975-A72F-A96E1501EF52}.Debug|x64.Deploy.0 = Debug|iPhone
		{167B49FB-073D-4975-A72F-A96E1501EF52}.Debug|x86.ActiveCfg = Debug|iPhone
		{167B49FB-073D-4975-A72F-A96E1501EF52}.Debug|x86.Build.0 = Debug|iPhone
		{167B49FB-073D-4975-A72F-A96E1501EF52}.Debug|x86.Deploy.0 = Debug|iPhone
		{167B49FB-073D-4975-A72F-A96E1501EF52}.Release|Any CPU.ActiveCfg = Release|iPhone
		{167B49FB-073D-4975-A72F-A96E1501EF52}.Release|Any CPU.Build.0 = Release|iPhone
		{167B49FB-073D-4975-A72F-A96E1501EF52}.Release|Any CPU.Deploy.0 = Release|iPhone
		{167B49FB-073D-4975-A72F-A96E1501EF52}.Release|ARM.ActiveCfg = Release|iPhone
		{167B49FB-073D-4975-A72F-A96E1501EF52}.Release|ARM.Build.0 = Release|iPhone
		{167B49FB-073D-4975-A72F-A96E1501EF52}.Release|ARM.Deploy.0 = Release|iPhone
		{167B49FB-073D-4975-A72F-A96E1501EF52}.Release|iPhone.ActiveCfg = Release|iPhone
		{167B49FB-073D-4975-A72F-A96E1501EF52}.Release|iPhone.Build.0 = Release|iPhone
		{167B49FB-073D-4975-A72F-A96E1501EF52}.Release|iPhone.Deploy.0 = Release|iPhone
		{167B49FB-073D-4975-A72F-A96E1501EF52}.Release|iPhoneSimulator.ActiveCfg = Release|iPhoneSimulator
		{167B49FB-073D-4975-A72F-A96E1501EF52}.Release|iPhoneSimulator.Build.0 = Release|iPhoneSimulator
		{167B49FB-073D-4975-A72F-A96E1501EF52}.Release|iPhoneSimulator.Deploy.0 = Release|iPhoneSimulator
		{167B49FB-073D-4975-A72F-A96E1501EF52}.Release|x64.ActiveCfg = Release|iPhone
		{167B49FB-073D-4975-A72F-A96E1501EF52}.Release|x64.Build.0 = Release|iPhone
		{167B49FB-073D-4975-A72F-A96E1501EF52}.Release|x64.Deploy.0 = Release|iPhone
		{167B49FB-073D-4975-A72F-A96E1501EF52}.Release|x86.ActiveCfg = Release|iPhone
		{167B49FB-073D-4975-A72F-A96E1501EF52}.Release|x86.Build.0 = Release|iPhone
		{167B49FB-073D-4975-A72F-A96E1501EF52}.Release|x86.Deploy.0 = Release|iPhone
		{91987073-8C9A-4622-9AAF-6A19C016A278}.Ad-Hoc|Any CPU.ActiveCfg = Release|x86
		{91987073-8C9A-4622-9AAF-6A19C016A278}.Ad-Hoc|Any CPU.Build.0 = Release|x86
		{91987073-8C9A-4622-9AAF-6A19C016A278}.Ad-Hoc|Any CPU.Deploy.0 = Release|x86
		{91987073-8C9A-4622-9AAF-6A19C016A278}.Ad-Hoc|ARM.ActiveCfg = Release|ARM
		{91987073-8C9A-4622-9AAF-6A19C016A278}.Ad-Hoc|ARM.Build.0 = Release|ARM
		{91987073-8C9A-4622-9AAF-6A19C016A278}.Ad-Hoc|ARM.Deploy.0 = Release|ARM
		{91987073-8C9A-4622-9AAF-6A19C016A278}.Ad-Hoc|iPhone.ActiveCfg = Release|x86
		{91987073-8C9A-4622-9AAF-6A19C016A278}.Ad-Hoc|iPhone.Build.0 = Release|x86
		{91987073-8C9A-4622-9AAF-6A19C016A278}.Ad-Hoc|iPhone.Deploy.0 = Release|x86
		{91987073-8C9A-4622-9AAF-6A19C016A278}.Ad-Hoc|iPhoneSimulator.ActiveCfg = Release|x86
		{91987073-8C9A-4622-9AAF-6A19C016A278}.Ad-Hoc|iPhoneSimulator.Build.0 = Release|x86
		{91987073-8C9A-4622-9AAF-6A19C016A278}.Ad-Hoc|iPhoneSimulator.Deploy.0 = Release|x86
		{91987073-8C9A-4622-9AAF-6A19C016A278}.Ad-Hoc|x64.ActiveCfg = Release|x64
		{91987073-8C9A-4622-9AAF-6A19C016A278}.Ad-Hoc|x64.Build.0 = Release|x64
		{91987073-8C9A-4622-9AAF-6A19C016A278}.Ad-Hoc|x64.Deploy.0 = Release|x64
		{91987073-8C9A-4622-9AAF-6A19C016A278}.Ad-Hoc|x86.ActiveCfg = Release|x86
		{91987073-8C9A-4622-9AAF-6A19C016A278}.Ad-Hoc|x86.Build.0 = Release|x86
		{91987073-8C9A-4622-9AAF-6A19C016A278}.Ad-Hoc|x86.Deploy.0 = Release|x86
		{91987073-8C9A-4622-9AAF-6A19C016A278}.AppStore|Any CPU.ActiveCfg = Release|x86
		{91987073-8C9A-4622-9AAF-6A19C016A278}.AppStore|Any CPU.Build.0 = Release|x86
		{91987073-8C9A-4622-9AAF-6A19C016A278}.AppStore|Any CPU.Deploy.0 = Release|x86
		{91987073-8C9A-4622-9AAF-6A19C016A278}.AppStore|ARM.ActiveCfg = Release|ARM
		{91987073-8C9A-4622-9AAF-6A19C016A278}.AppStore|ARM.Build.0 = Release|ARM
		{91987073-8C9A-4622-9AAF-6A19C016A278}.AppStore|ARM.Deploy.0 = Release|ARM
		{91987073-8C9A-4622-9AAF-6A19C016A278}.AppStore|iPhone.ActiveCfg = Release|x86
		{91987073-8C9A-4622-9AAF-6A19C016A278}.AppStore|iPhone.Build.0 = Release|x86
		{91987073-8C9A-4622-9AAF-6A19C016A278}.AppStore|iPhone.Deploy.0 = Release|x86
		{91987073-8C9A-4622-9AAF-6A19C016A278}.AppStore|iPhoneSimulator.ActiveCfg = Release|x86
		{91987073-8C9A-4622-9AAF-6A19C016A278}.AppStore|iPhoneSimulator.Build.0 = Release|x86
		{91987073-8C9A-4622-9AAF-6A19C016A278}.AppStore|iPhoneSimulator.Deploy.0 = Release|x86
		{91987073-8C9A-4622-9AAF-6A19C016A278}.AppStore|x64.ActiveCfg = Release|x64
		{91987073-8C9A-4622-9AAF-6A19C016A278}.AppStore|x64.Build.0 = Release|x64
		{91987073-8C9A-4622-9AAF-6A19C016A278}.AppStore|x64.Deploy.0 = Release|x64
		{91987073-8C9A-4622-9AAF-6A19C016A278}.AppStore|x86.ActiveCfg = Release|x86
		{91987073-8C9A-4622-9AAF-6A19C016A278}.AppStore|x86.Build.0 = Release|x86
		{91987073-8C9A-4622-9AAF-6A19C016A278}.AppStore|x86.Deploy.0 = Release|x86
		{91987073-8C9A-4622-9AAF-6A19C016A278}.Debug|Any CPU.ActiveCfg = Debug|x86
		{91987073-8C9A-4622-9AAF-6A19C016A278}.Debug|Any CPU.Build.0 = Debug|x86
		{91987073-8C9A-4622-9AAF-6A19C016A278}.Debug|Any CPU.Deploy.0 = Debug|x86
		{91987073-8C9A-4622-9AAF-6A19C016A278}.Debug|ARM.ActiveCfg = Debug|ARM
		{91987073-8C9A-4622-9AAF-6A19C016A278}.Debug|ARM.Build.0 = Debug|ARM
		{91987073-8C9A-4622-9AAF-6A19C016A278}.Debug|ARM.Deploy.0 = Debug|ARM
		{91987073-8C9A-4622-9AAF-6A19C016A278}.Debug|iPhone.ActiveCfg = Debug|x86
		{91987073-8C9A-4622-9AAF-6A19C016A278}.Debug|iPhone.Build.0 = Debug|x86
		{91987073-8C9A-4622-9AAF-6A19C016A278}.Debug|iPhone.Deploy.0 = Debug|x86
		{91987073-8C9A-4622-9AAF-6A19C016A278}.Debug|iPhoneSimulator.ActiveCfg = Debug|x86
		{91987073-8C9A-4622-9AAF-6A19C016A278}.Debug|iPhoneSimulator.Build.0 = Debug|x86
		{91987073-8C9A-4622-9AAF-6A19C016A278}.Debug|iPhoneSimulator.Deploy.0 = Debug|x86
		{91987073-8C9A-4622-9AAF-6A19C016A278}.Debug|x64.ActiveCfg = Debug|x64
		{91987073-8C9A-4622-9AAF-6A19C016A278}.Debug|x64.Build.0 = Debug|x64
		{91987073-8C9A-4622-9AAF-6A19C016A278}.Debug|x64.Deploy.0 = Debug|x64
		{91987073-8C9A-4622-9AAF-6A19C016A278}.Debug|x86.ActiveCfg = Debug|x86
		{91987073-8C9A-4622-9AAF-6A19C016A278}.Debug|x86.Build.0 = Debug|x86
		{91987073-8C9A-4622-9AAF-6A19C016A278}.Debug|x86.Deploy.0 = Debug|x86
		{91987073-8C9A-4622-9AAF-6A19C016A278}.Release|Any CPU.ActiveCfg = Release|x86
		{91987073-8C9A-4622-9AAF-6A19C016A278}.Release|Any CPU.Build.0 = Release|x86
		{91987073-8C9A-4622-9AAF-6A19C016A278}.Release|Any CPU.Deploy.0 = Release|x86
		{91987073-8C9A-4622-9AAF-6A19C016A278}.Release|ARM.ActiveCfg = Release|ARM
		{91987073-8C9A-4622-9AAF-6A19C016A278}.Release|ARM.Build.0 = Release|ARM
		{91987073-8C9A-4622-9AAF-6A19C016A278}.Release|ARM.Deploy.0 = Release|ARM
		{91987073-8C9A-4622-9AAF-6A19C016A278}.Release|iPhone.ActiveCfg = Release|x86
		{91987073-8C9A-4622-9AAF-6A19C016A278}.Release|iPhone.Build.0 = Release|x86
		{91987073-8C9A-4622-9AAF-6A19C016A278}.Release|iPhone.Deploy.0 = Release|x86
		{91987073-8C9A-4622-9AAF-6A19C016A278}.Release|iPhoneSimulator.ActiveCfg = Release|x86
		{91987073-8C9A-4622-9AAF-6A19C016A278}.Release|iPhoneSimulator.Build.0 = Release|x86
		{91987073-8C9A-4622-9AAF-6A19C016A278}.Release|iPhoneSimulator.Deploy.0 = Release|x86
		{91987073-8C9A-4622-9AAF-6A19C016A278}.Release|x64.ActiveCfg = Release|x64
		{91987073-8C9A-4622-9AAF-6A19C016A278}.Release|x64.Build.0 = Release|x64
		{91987073-8C9A-4622-9AAF-6A19C016A278}.Release|x64.Deploy.0 = Release|x64
		{91987073-8C9A-4622-9AAF-6A19C016A278}.Release|x86.ActiveCfg = Release|x86
		{91987073-8C9A-4622-9AAF-6A19C016A278}.Release|x86.Build.0 = Release|x86
		{91987073-8C9A-4622-9AAF-6A19C016A278}.Release|x86.Deploy.0 = Release|x86
		{6FCB85C2-79E8-46A2-A57B-59BAE26CB407}.Ad-Hoc|Any CPU.ActiveCfg = Debug|Any CPU
		{6FCB85C2-79E8-46A2-A57B-59BAE26CB407}.Ad-Hoc|Any CPU.Build.0 = Debug|Any CPU
		{6FCB85C2-79E8-46A2-A57B-59BAE26CB407}.Ad-Hoc|Any CPU.Deploy.0 = Debug|Any CPU
		{6FCB85C2-79E8-46A2-A57B-59BAE26CB407}.Ad-Hoc|ARM.ActiveCfg = Debug|Any CPU
		{6FCB85C2-79E8-46A2-A57B-59BAE26CB407}.Ad-Hoc|ARM.Build.0 = Debug|Any CPU
		{6FCB85C2-79E8-46A2-A57B-59BAE26CB407}.Ad-Hoc|ARM.Deploy.0 = Debug|Any CPU
		{6FCB85C2-79E8-46A2-A57B-59BAE26CB407}.Ad-Hoc|iPhone.ActiveCfg = Debug|Any CPU
		{6FCB85C2-79E8-46A2-A57B-59BAE26CB407}.Ad-Hoc|iPhone.Build.0 = Debug|Any CPU
		{6FCB85C2-79E8-46A2-A57B-59BAE26CB407}.Ad-Hoc|iPhone.Deploy.0 = Debug|Any CPU
		{6FCB85C2-79E8-46A2-A57B-59BAE26CB407}.Ad-Hoc|iPhoneSimulator.ActiveCfg = Debug|Any CPU
		{6FCB85C2-79E8-46A2-A57B-59BAE26CB407}.Ad-Hoc|iPhoneSimulator.Build.0 = Debug|Any CPU
		{6FCB85C2-79E8-46A2-A57B-59BAE26CB407}.Ad-Hoc|iPhoneSimulator.Deploy.0 = Debug|Any CPU
		{6FCB85C2-79E8-46A2-A57B-59BAE26CB407}.Ad-Hoc|x64.ActiveCfg = Debug|Any CPU
		{6FCB85C2-79E8-46A2-A57B-59BAE26CB407}.Ad-Hoc|x64.Build.0 = Debug|Any CPU
		{6FCB85C2-79E8-46A2-A57B-59BAE26CB407}.Ad-Hoc|x64.Deploy.0 = Debug|Any CPU
		{6FCB85C2-79E8-46A2-A57B-59BAE26CB407}.Ad-Hoc|x86.ActiveCfg = Debug|Any CPU
		{6FCB85C2-79E8-46A2-A57B-59BAE26CB407}.Ad-Hoc|x86.Build.0 = Debug|Any CPU
		{6FCB85C2-79E8-46A2-A57B-59BAE26CB407}.Ad-Hoc|x86.Deploy.0 = Debug|Any CPU
		{6FCB85C2-79E8-46A2-A57B-59BAE26CB407}.AppStore|Any CPU.ActiveCfg = Debug|Any CPU
		{6FCB85C2-79E8-46A2-A57B-59BAE26CB407}.AppStore|Any CPU.Build.0 = Debug|Any CPU
		{6FCB85C2-79E8-46A2-A57B-59BAE26CB407}.AppStore|Any CPU.Deploy.0 = Debug|Any CPU
		{6FCB85C2-79E8-46A2-A57B-59BAE26CB407}.AppStore|ARM.ActiveCfg = Debug|Any CPU
		{6FCB85C2-79E8-46A2-A57B-59BAE26CB407}.AppStore|ARM.Build.0 = Debug|Any CPU
		{6FCB85C2-79E8-46A2-A57B-59BAE26CB407}.AppStore|ARM.Deploy.0 = Debug|Any CPU
		{6FCB85C2-79E8-46A2-A57B-59BAE26CB407}.AppStore|iPhone.ActiveCfg = Debug|Any CPU
		{6FCB85C2-79E8-46A2-A57B-59BAE26CB407}.AppStore|iPhone.Build.0 = Debug|Any CPU
		{6FCB85C2-79E8-46A2-A57B-59BAE26CB407}.AppStore|iPhone.Deploy.0 = Debug|Any CPU
		{6FCB85C2-79E8-46A2-A57B-59BAE26CB407}.AppStore|iPhoneSimulator.ActiveCfg = Debug|Any CPU
		{6FCB85C2-79E8-46A2-A57B-59BAE26CB407}.AppStore|iPhoneSimulator.Build.0 = Debug|Any CPU
		{6FCB85C2-79E8-46A2-A57B-59BAE26CB407}.AppStore|iPhoneSimulator.Deploy.0 = Debug|Any CPU
		{6FCB85C2-79E8-46A2-A57B-59BAE26CB407}.AppStore|x64.ActiveCfg = Debug|Any CPU
		{6FCB85C2-79E8-46A2-A57B-59BAE26CB407}.AppStore|x64.Build.0 = Debug|Any CPU
		{6FCB85C2-79E8-46A2-A57B-59BAE26CB407}.AppStore|x64.Deploy.0 = Debug|Any CPU
		{6FCB85C2-79E8-46A2-A57B-59BAE26CB407}.AppStore|x86.ActiveCfg = Debug|Any CPU
		{6FCB85C2-79E8-46A2-A57B-59BAE26CB407}.AppStore|x86.Build.0 = Debug|Any CPU
		{6FCB85C2-79E8-46A2-A57B-59BAE26CB407}.AppStore|x86.Deploy.0 = Debug|Any CPU
		{6FCB85C2-79E8-46A2-A57B-59BAE26CB407}.Debug|Any CPU.ActiveCfg = Debug|Any CPU
		{6FCB85C2-79E8-46A2-A57B-59BAE26CB407}.Debug|Any CPU.Build.0 = Debug|Any CPU
		{6FCB85C2-79E8-46A2-A57B-59BAE26CB407}.Debug|Any CPU.Deploy.0 = Debug|Any CPU
		{6FCB85C2-79E8-46A2-A57B-59BAE26CB407}.Debug|ARM.ActiveCfg = Debug|Any CPU
		{6FCB85C2-79E8-46A2-A57B-59BAE26CB407}.Debug|ARM.Build.0 = Debug|Any CPU
		{6FCB85C2-79E8-46A2-A57B-59BAE26CB407}.Debug|ARM.Deploy.0 = Debug|Any CPU
		{6FCB85C2-79E8-46A2-A57B-59BAE26CB407}.Debug|iPhone.ActiveCfg = Debug|Any CPU
		{6FCB85C2-79E8-46A2-A57B-59BAE26CB407}.Debug|iPhone.Build.0 = Debug|Any CPU
		{6FCB85C2-79E8-46A2-A57B-59BAE26CB407}.Debug|iPhone.Deploy.0 = Debug|Any CPU
		{6FCB85C2-79E8-46A2-A57B-59BAE26CB407}.Debug|iPhoneSimulator.ActiveCfg = Debug|Any CPU
		{6FCB85C2-79E8-46A2-A57B-59BAE26CB407}.Debug|iPhoneSimulator.Build.0 = Debug|Any CPU
		{6FCB85C2-79E8-46A2-A57B-59BAE26CB407}.Debug|iPhoneSimulator.Deploy.0 = Debug|Any CPU
		{6FCB85C2-79E8-46A2-A57B-59BAE26CB407}.Debug|x64.ActiveCfg = Debug|Any CPU
		{6FCB85C2-79E8-46A2-A57B-59BAE26CB407}.Debug|x64.Build.0 = Debug|Any CPU
		{6FCB85C2-79E8-46A2-A57B-59BAE26CB407}.Debug|x64.Deploy.0 = Debug|Any CPU
		{6FCB85C2-79E8-46A2-A57B-59BAE26CB407}.Debug|x86.ActiveCfg = Debug|Any CPU
		{6FCB85C2-79E8-46A2-A57B-59BAE26CB407}.Debug|x86.Build.0 = Debug|Any CPU
		{6FCB85C2-79E8-46A2-A57B-59BAE26CB407}.Debug|x86.Deploy.0 = Debug|Any CPU
		{6FCB85C2-79E8-46A2-A57B-59BAE26CB407}.Release|Any CPU.ActiveCfg = Release|Any CPU
		{6FCB85C2-79E8-46A2-A57B-59BAE26CB407}.Release|Any CPU.Build.0 = Release|Any CPU
		{6FCB85C2-79E8-46A2-A57B-59BAE26CB407}.Release|Any CPU.Deploy.0 = Release|Any CPU
		{6FCB85C2-79E8-46A2-A57B-59BAE26CB407}.Release|ARM.ActiveCfg = Release|Any CPU
		{6FCB85C2-79E8-46A2-A57B-59BAE26CB407}.Release|ARM.Build.0 = Release|Any CPU
		{6FCB85C2-79E8-46A2-A57B-59BAE26CB407}.Release|ARM.Deploy.0 = Release|Any CPU
		{6FCB85C2-79E8-46A2-A57B-59BAE26CB407}.Release|iPhone.ActiveCfg = Release|Any CPU
		{6FCB85C2-79E8-46A2-A57B-59BAE26CB407}.Release|iPhone.Build.0 = Release|Any CPU
		{6FCB85C2-79E8-46A2-A57B-59BAE26CB407}.Release|iPhone.Deploy.0 = Release|Any CPU
		{6FCB85C2-79E8-46A2-A57B-59BAE26CB407}.Release|iPhoneSimulator.ActiveCfg = Release|Any CPU
		{6FCB85C2-79E8-46A2-A57B-59BAE26CB407}.Release|iPhoneSimulator.Build.0 = Release|Any CPU
		{6FCB85C2-79E8-46A2-A57B-59BAE26CB407}.Release|iPhoneSimulator.Deploy.0 = Release|Any CPU
		{6FCB85C2-79E8-46A2-A57B-59BAE26CB407}.Release|x64.ActiveCfg = Release|Any CPU
		{6FCB85C2-79E8-46A2-A57B-59BAE26CB407}.Release|x64.Build.0 = Release|Any CPU
		{6FCB85C2-79E8-46A2-A57B-59BAE26CB407}.Release|x64.Deploy.0 = Release|Any CPU
		{6FCB85C2-79E8-46A2-A57B-59BAE26CB407}.Release|x86.ActiveCfg = Release|Any CPU
		{6FCB85C2-79E8-46A2-A57B-59BAE26CB407}.Release|x86.Build.0 = Release|Any CPU
		{6FCB85C2-79E8-46A2-A57B-59BAE26CB407}.Release|x86.Deploy.0 = Release|Any CPU
	EndGlobalSection
	GlobalSection(SolutionProperties) = preSolution
		HideSolutionNode = FALSE
	EndGlobalSection
	GlobalSection(ExtensibilityGlobals) = postSolution
		SolutionGuid = {2F2CD3A9-518B-432A-85F9-7DCDED34936A}
	EndGlobalSection
EndGlobal
